
Microsoft Visual Studio Solution File, Format Version 12.00
# Visual Studio 2013
VisualStudioVersion = 12.0.40629.0
MinimumVisualStudioVersion = 10.0.40219.1
Project("{8BC9CEB8-8B4A-11D0-8D11-00A0C91BC942}") = "Exp1_ChessboardCoveringProblem", "Exp1_ChessboardCoveringProblem\Exp1_ChessboardCoveringProblem.vcxproj", "{EBBECFE6-1EE2-4168-A0E3-EA7A81CD98EC}"
EndProject
Project("{FAE04EC0-301F-11D3-BF4B-00C04F79EFBC}") = "Exp1_Windows_ChessboardCoveringProblem", "Exp1_Windows_ChessboardCoveringProblem\Exp1_Windows_ChessboardCoveringProblem.csproj", "{D70748F4-4406-4F46-9D92-20C80402E366}"
EndProject
Project("{8BC9CEB8-8B4A-11D0-8D11-00A0C91BC942}") = "Eg2_04_Permutate", "Eg2_04_Permutate\Eg2_04_Permutate.vcxproj", "{4C3E09CA-BA41-49C6-8E59-54A7D54755A8}"
EndProject
Project("{8BC9CEB8-8B4A-11D0-8D11-00A0C91BC942}") = "Exp2_MatrixChainMultiplicationProblem", "Exp2_MatrixChainMultiplicationProblem\Exp2_MatrixChainMultiplicationProblem.vcxproj", "{6F894D68-2ABF-4808-B3DB-4099D9927D4D}"
EndProject
Project("{8BC9CEB8-8B4A-11D0-8D11-00A0C91BC942}") = "Exp3_LongestCommonSubsequence", "Exp3_LongestCommonSubsequence\Exp3_LongestCommonSubsequence.vcxproj", "{50DFC449-0490-4F12-911E-2FE1AA411719}"
EndProject
Project("{8BC9CEB8-8B4A-11D0-8D11-00A0C91BC942}") = "Exp4_HuffmanCoding", "Exp4_HuffmanCoding\Exp4_HuffmanCoding.vcxproj", "{440DEA47-49D8-4C55-B93C-B4FE92C63F5F}"
EndProject
Project("{8BC9CEB8-8B4A-11D0-8D11-00A0C91BC942}") = "Exp5_Dijkstra", "Exp5_Dijkstra\Exp5_Dijkstra.vcxproj", "{1AD4E8A0-6E4C-4290-97A5-C4A920750E35}"
EndProject
Project("{8BC9CEB8-8B4A-11D0-8D11-00A0C91BC942}") = "Exp6_VaultingHorseProblem", "Exp6_VaultingHorseProblem\Exp6_VaultingHorseProblem.vcxproj", "{D2231F17-C68F-4F31-B919-7D86B88274F4}"
EndProject
Global
	GlobalSection(SolutionConfigurationPlatforms) = preSolution
		Debug|Any CPU = Debug|Any CPU
		Debug|Mixed Platforms = Debug|Mixed Platforms
		Debug|Win32 = Debug|Win32
		Release|Any CPU = Release|Any CPU
		Release|Mixed Platforms = Release|Mixed Platforms
		Release|Win32 = Release|Win32
	EndGlobalSection
	GlobalSection(ProjectConfigurationPlatforms) = postSolution
		{EBBECFE6-1EE2-4168-A0E3-EA7A81CD98EC}.Debug|Any CPU.ActiveCfg = Debug|Win32
		{EBBECFE6-1EE2-4168-A0E3-EA7A81CD98EC}.Debug|Mixed Platforms.ActiveCfg = Debug|Win32
		{EBBECFE6-1EE2-4168-A0E3-EA7A81CD98EC}.Debug|Mixed Platforms.Build.0 = Debug|Win32
		{EBBECFE6-1EE2-4168-A0E3-EA7A81CD98EC}.Debug|Win32.ActiveCfg = Debug|Win32
		{EBBECFE6-1EE2-4168-A0E3-EA7A81CD98EC}.Debug|Win32.Build.0 = Debug|Win32
		{EBBECFE6-1EE2-4168-A0E3-EA7A81CD98EC}.Release|Any CPU.ActiveCfg = Release|Win32
		{EBBECFE6-1EE2-4168-A0E3-EA7A81CD98EC}.Release|Mixed Platforms.ActiveCfg = Release|Win32
		{EBBECFE6-1EE2-4168-A0E3-EA7A81CD98EC}.Release|Mixed Platforms.Build.0 = Release|Win32
		{EBBECFE6-1EE2-4168-A0E3-EA7A81CD98EC}.Release|Win32.ActiveCfg = Release|Win32
		{EBBECFE6-1EE2-4168-A0E3-EA7A81CD98EC}.Release|Win32.Build.0 = Release|Win32
		{D70748F4-4406-4F46-9D92-20C80402E366}.Debug|Any CPU.ActiveCfg = Debug|Any CPU
		{D70748F4-4406-4F46-9D92-20C80402E366}.Debug|Any CPU.Build.0 = Debug|Any CPU
		{D70748F4-4406-4F46-9D92-20C80402E366}.Debug|Mixed Platforms.ActiveCfg = Debug|Any CPU
		{D70748F4-4406-4F46-9D92-20C80402E366}.Debug|Mixed Platforms.Build.0 = Debug|Any CPU
		{D70748F4-4406-4F46-9D92-20C80402E366}.Debug|Win32.ActiveCfg = Debug|Any CPU
		{D70748F4-4406-4F46-9D92-20C80402E366}.Release|Any CPU.ActiveCfg = Release|Any CPU
		{D70748F4-4406-4F46-9D92-20C80402E366}.Release|Any CPU.Build.0 = Release|Any CPU
		{D70748F4-4406-4F46-9D92-20C80402E366}.Release|Mixed Platforms.ActiveCfg = Release|Any CPU
		{D70748F4-4406-4F46-9D92-20C80402E366}.Release|Mixed Platforms.Build.0 = Release|Any CPU
		{D70748F4-4406-4F46-9D92-20C80402E366}.Release|Win32.ActiveCfg = Release|Any CPU
		{4C3E09CA-BA41-49C6-8E59-54A7D54755A8}.Debug|Any CPU.ActiveCfg = Debug|Win32
		{4C3E09CA-BA41-49C6-8E59-54A7D54755A8}.Debug|Mixed Platforms.ActiveCfg = Debug|Win32
		{4C3E09CA-BA41-49C6-8E59-54A7D54755A8}.Debug|Mixed Platforms.Build.0 = Debug|Win32
		{4C3E09CA-BA41-49C6-8E59-54A7D54755A8}.Debug|Win32.ActiveCfg = Debug|Win32
		{4C3E09CA-BA41-49C6-8E59-54A7D54755A8}.Debug|Win32.Build.0 = Debug|Win32
		{4C3E09CA-BA41-49C6-8E59-54A7D54755A8}.Release|Any CPU.ActiveCfg = Release|Win32
		{4C3E09CA-BA41-49C6-8E59-54A7D54755A8}.Release|Mixed Platforms.ActiveCfg = Release|Win32
		{4C3E09CA-BA41-49C6-8E59-54A7D54755A8}.Release|Mixed Platforms.Build.0 = Release|Win32
		{4C3E09CA-BA41-49C6-8E59-54A7D54755A8}.Release|Win32.ActiveCfg = Release|Win32
		{4C3E09CA-BA41-49C6-8E59-54A7D54755A8}.Release|Win32.Build.0 = Release|Win32
		{6F894D68-2ABF-4808-B3DB-4099D9927D4D}.Debug|Any CPU.ActiveCfg = Debug|Win32
		{6F894D68-2ABF-4808-B3DB-4099D9927D4D}.Debug|Mixed Platforms.ActiveCfg = Debug|Win32
		{6F894D68-2ABF-4808-B3DB-4099D9927D4D}.Debug|Mixed Platforms.Build.0 = Debug|Win32
		{6F894D68-2ABF-4808-B3DB-4099D9927D4D}.Debug|Win32.ActiveCfg = Debug|Win32
		{6F894D68-2ABF-4808-B3DB-4099D9927D4D}.Debug|Win32.Build.0 = Debug|Win32
		{6F894D68-2ABF-4808-B3DB-4099D9927D4D}.Release|Any CPU.ActiveCfg = Release|Win32
		{6F894D68-2ABF-4808-B3DB-4099D9927D4D}.Release|Mixed Platforms.ActiveCfg = Release|Win32
		{6F894D68-2ABF-4808-B3DB-4099D9927D4D}.Release|Mixed Platforms.Build.0 = Release|Win32
		{6F894D68-2ABF-4808-B3DB-4099D9927D4D}.Release|Win32.ActiveCfg = Release|Win32
		{6F894D68-2ABF-4808-B3DB-4099D9927D4D}.Release|Win32.Build.0 = Release|Win32
		{50DFC449-0490-4F12-911E-2FE1AA411719}.Debug|Any CPU.ActiveCfg = Debug|Win32
		{50DFC449-0490-4F12-911E-2FE1AA411719}.Debug|Mixed Platforms.ActiveCfg = Debug|Win32
		{50DFC449-0490-4F12-911E-2FE1AA411719}.Debug|Mixed Platforms.Build.0 = Debug|Win32
		{50DFC449-0490-4F12-911E-2FE1AA411719}.Debug|Win32.ActiveCfg = Debug|Win32
		{50DFC449-0490-4F12-911E-2FE1AA411719}.Debug|Win32.Build.0 = Debug|Win32
		{50DFC449-0490-4F12-911E-2FE1AA411719}.Release|Any CPU.ActiveCfg = Release|Win32
		{50DFC449-0490-4F12-911E-2FE1AA411719}.Release|Mixed Platforms.ActiveCfg = Release|Win32
		{50DFC449-0490-4F12-911E-2FE1AA411719}.Release|Mixed Platforms.Build.0 = Release|Win32
		{50DFC449-0490-4F12-911E-2FE1AA411719}.Release|Win32.ActiveCfg = Release|Win32
		{50DFC449-0490-4F12-911E-2FE1AA411719}.Release|Win32.Build.0 = Release|Win32
		{440DEA47-49D8-4C55-B93C-B4FE92C63F5F}.Debug|Any CPU.ActiveCfg = Debug|Win32
		{440DEA47-49D8-4C55-B93C-B4FE92C63F5F}.Debug|Mixed Platforms.ActiveCfg = Debug|Win32
		{440DEA47-49D8-4C55-B93C-B4FE92C63F5F}.Debug|Mixed Platforms.Build.0 = Debug|Win32
		{440DEA47-49D8-4C55-B93C-B4FE92C63F5F}.Debug|Win32.ActiveCfg = Debug|Win32
		{440DEA47-49D8-4C55-B93C-B4FE92C63F5F}.Debug|Win32.Build.0 = Debug|Win32
		{440DEA47-49D8-4C55-B93C-B4FE92C63F5F}.Release|Any CPU.ActiveCfg = Release|Win32
		{440DEA47-49D8-4C55-B93C-B4FE92C63F5F}.Release|Mixed Platforms.ActiveCfg = Release|Win32
		{440DEA47-49D8-4C55-B93C-B4FE92C63F5F}.Release|Mixed Platforms.Build.0 = Release|Win32
		{440DEA47-49D8-4C55-B93C-B4FE92C63F5F}.Release|Win32.ActiveCfg = Release|Win32
		{440DEA47-49D8-4C55-B93C-B4FE92C63F5F}.Release|Win32.Build.0 = Release|Win32
		{1AD4E8A0-6E4C-4290-97A5-C4A920750E35}.Debug|Any CPU.ActiveCfg = Debug|Win32
		{1AD4E8A0-6E4C-4290-97A5-C4A920750E35}.Debug|Mixed Platforms.ActiveCfg = Debug|Win32
		{1AD4E8A0-6E4C-4290-97A5-C4A920750E35}.Debug|Mixed Platforms.Build.0 = Debug|Win32
		{1AD4E8A0-6E4C-4290-97A5-C4A920750E35}.Debug|Win32.ActiveCfg = Debug|Win32
		{1AD4E8A0-6E4C-4290-97A5-C4A920750E35}.Debug|Win32.Build.0 = Debug|Win32
		{1AD4E8A0-6E4C-4290-97A5-C4A920750E35}.Release|Any CPU.ActiveCfg = Release|Win32
		{1AD4E8A0-6E4C-4290-97A5-C4A920750E35}.Release|Mixed Platforms.ActiveCfg = Release|Win32
		{1AD4E8A0-6E4C-4290-97A5-C4A920750E35}.Release|Mixed Platforms.Build.0 = Release|Win32
		{1AD4E8A0-6E4C-4290-97A5-C4A920750E35}.Release|Win32.ActiveCfg = Release|Win32
		{1AD4E8A0-6E4C-4290-97A5-C4A920750E35}.Release|Win32.Build.0 = Release|Win32
		{D2231F17-C68F-4F31-B919-7D86B88274F4}.Debug|Any CPU.ActiveCfg = Debug|Win32
		{D2231F17-C68F-4F31-B919-7D86B88274F4}.Debug|Mixed Platforms.ActiveCfg = Debug|Win32
		{D2231F17-C68F-4F31-B919-7D86B88274F4}.Debug|Mixed Platforms.Build.0 = Debug|Win32
		{D2231F17-C68F-4F31-B919-7D86B88274F4}.Debug|Win32.ActiveCfg = Debug|Win32
		{D2231F17-C68F-4F31-B919-7D86B88274F4}.Debug|Win32.Build.0 = Debug|Win32
		{D2231F17-C68F-4F31-B919-7D86B88274F4}.Release|Any CPU.ActiveCfg = Release|Win32
		{D2231F17-C68F-4F31-B919-7D86B88274F4}.Release|Mixed Platforms.ActiveCfg = Release|Win32
		{D2231F17-C68F-4F31-B919-7D86B88274F4}.Release|Mixed Platforms.Build.0 = Release|Win32
		{D2231F17-C68F-4F31-B919-7D86B88274F4}.Release|Win32.ActiveCfg = Release|Win32
		{D2231F17-C68F-4F31-B919-7D86B88274F4}.Release|Win32.Build.0 = Release|Win32
	EndGlobalSection
	GlobalSection(SolutionProperties) = preSolution
		HideSolutionNode = FALSE
	EndGlobalSection
EndGlobal
